
Microsoft Visual Studio Solution File, Format Version 12.00
# Visual Studio Version 17
VisualStudioVersion = 17.4.33103.184
MinimumVisualStudioVersion = 10.0.40219.1
Project("{FAE04EC0-301F-11D3-BF4B-00C04F79EFBC}") = "Player", "Player\Player.csproj", "{8321CFBC-547E-4EC5-A03B-DA7A3B86EE24}"
EndProject
Global
	GlobalSection(SolutionConfigurationPlatforms) = preSolution
		Debug|Any CPU = Debug|Any CPU
		Release|Any CPU = Release|Any CPU
	EndGlobalSection
	GlobalSection(ProjectConfigurationPlatforms) = postSolution
		{8321CFBC-547E-4EC5-A03B-DA7A3B86EE24}.Debug|Any CPU.ActiveCfg = Debug|Any CPU
		{8321CFBC-547E-4EC5-A03B-DA7A3B86EE24}.Debug|Any CPU.Build.0 = Debug|Any CPU
		{8321CFBC-547E-4EC5-A03B-DA7A3B86EE24}.Release|Any CPU.ActiveCfg = Release|Any CPU
		{8321CFBC-547E-4EC5-A03B-DA7A3B86EE24}.Release|Any CPU.Build.0 = Release|Any CPU
	EndGlobalSection
	GlobalSection(SolutionProperties) = preSolution
		HideSolutionNode = FALSE
	EndGlobalSection
	GlobalSection(ExtensibilityGlobals) = postSolution
		SolutionGuid = {144C4ED5-F0B6-4BA7-B4DA-5E33675D3642}
	EndGlobalSection
EndGlobal
